
Microsoft Visual Studio Solution File, Format Version 12.00
# Visual Studio Version 17
VisualStudioVersion = 17.2.32314.265
MinimumVisualStudioVersion = 10.0.40219.1
Project("{9A19103F-16F7-4668-BE54-9A1E7A4F7556}") = "Sample.API", "Sqmple.API\Sample.API.csproj", "{8EF2BD99-9CF6-43D2-B992-CA7D872214C8}"
EndProject
Project("{9A19103F-16F7-4668-BE54-9A1E7A4F7556}") = "SelfApiSourceGenerator", "SelfApiSourceGenerator\SelfApiSourceGenerator.csproj", "{1919E7C2-F772-462E-8DC7-79D0EC953E4B}"
EndProject
Project("{FAE04EC0-301F-11D3-BF4B-00C04F79EFBC}") = "SelfApiSourceGenerator.Attributes", "SelfApiSourceGenerator.Attributes\SelfApiSourceGenerator.Attributes.csproj", "{6EC58DE5-9488-4DB2-993D-BC81CD83BECE}"
EndProject
Global
	GlobalSection(SolutionConfigurationPlatforms) = preSolution
		Debug|Any CPU = Debug|Any CPU
		DebugSG|Any CPU = DebugSG|Any CPU
		Release|Any CPU = Release|Any CPU
	EndGlobalSection
	GlobalSection(ProjectConfigurationPlatforms) = postSolution
		{8EF2BD99-9CF6-43D2-B992-CA7D872214C8}.Debug|Any CPU.ActiveCfg = Debug|Any CPU
		{8EF2BD99-9CF6-43D2-B992-CA7D872214C8}.Debug|Any CPU.Build.0 = Debug|Any CPU
		{8EF2BD99-9CF6-43D2-B992-CA7D872214C8}.DebugSG|Any CPU.ActiveCfg = DebugSG|Any CPU
		{8EF2BD99-9CF6-43D2-B992-CA7D872214C8}.DebugSG|Any CPU.Build.0 = DebugSG|Any CPU
		{8EF2BD99-9CF6-43D2-B992-CA7D872214C8}.Release|Any CPU.ActiveCfg = Release|Any CPU
		{8EF2BD99-9CF6-43D2-B992-CA7D872214C8}.Release|Any CPU.Build.0 = Release|Any CPU
		{1919E7C2-F772-462E-8DC7-79D0EC953E4B}.Debug|Any CPU.ActiveCfg = Debug|Any CPU
		{1919E7C2-F772-462E-8DC7-79D0EC953E4B}.Debug|Any CPU.Build.0 = Debug|Any CPU
		{1919E7C2-F772-462E-8DC7-79D0EC953E4B}.DebugSG|Any CPU.ActiveCfg = DebugSG|Any CPU
		{1919E7C2-F772-462E-8DC7-79D0EC953E4B}.DebugSG|Any CPU.Build.0 = DebugSG|Any CPU
		{1919E7C2-F772-462E-8DC7-79D0EC953E4B}.Release|Any CPU.ActiveCfg = Release|Any CPU
		{1919E7C2-F772-462E-8DC7-79D0EC953E4B}.Release|Any CPU.Build.0 = Release|Any CPU
		{6EC58DE5-9488-4DB2-993D-BC81CD83BECE}.Debug|Any CPU.ActiveCfg = Debug|Any CPU
		{6EC58DE5-9488-4DB2-993D-BC81CD83BECE}.Debug|Any CPU.Build.0 = Debug|Any CPU
		{6EC58DE5-9488-4DB2-993D-BC81CD83BECE}.DebugSG|Any CPU.ActiveCfg = Debug|Any CPU
		{6EC58DE5-9488-4DB2-993D-BC81CD83BECE}.DebugSG|Any CPU.Build.0 = Debug|Any CPU
		{6EC58DE5-9488-4DB2-993D-BC81CD83BECE}.Release|Any CPU.ActiveCfg = Release|Any CPU
		{6EC58DE5-9488-4DB2-993D-BC81CD83BECE}.Release|Any CPU.Build.0 = Release|Any CPU
	EndGlobalSection
	GlobalSection(SolutionProperties) = preSolution
		HideSolutionNode = FALSE
	EndGlobalSection
	GlobalSection(ExtensibilityGlobals) = postSolution
		SolutionGuid = {B5979A5A-8900-4D51-A7BF-254F8E508E73}
	EndGlobalSection
EndGlobal
